
Microsoft Visual Studio Solution File, Format Version 12.00
# Visual Studio 2013
VisualStudioVersion = 12.0.40629.0
MinimumVisualStudioVersion = 10.0.40219.1
Project("{FAE04EC0-301F-11D3-BF4B-00C04F79EFBC}") = "ChatApplication.iOS", "ChatApplication\ChatApplication.iOS\ChatApplication.iOS.csproj", "{3E188DED-9072-4682-A033-0FC6E41C9D4E}"
EndProject
Project("{FAE04EC0-301F-11D3-BF4B-00C04F79EFBC}") = "ChatApplication.WinPhone", "ChatApplication\ChatApplication.WinPhone\ChatApplication.WinPhone.csproj", "{E7393630-E406-4A6D-B159-0275E61CB517}"
EndProject
Project("{FAE04EC0-301F-11D3-BF4B-00C04F79EFBC}") = "ChatApplication.Windows", "ChatApplication\ChatApplication.Windows\ChatApplication.Windows.csproj", "{2716C753-EC11-4434-AEB8-2541F8CA12FF}"
EndProject
Project("{FAE04EC0-301F-11D3-BF4B-00C04F79EFBC}") = "ChatApplication", "ChatApplication\ChatApplication\ChatApplication.csproj", "{45788550-5A16-461A-86D4-D1111EB85DB3}"
EndProject
Project("{FAE04EC0-301F-11D3-BF4B-00C04F79EFBC}") = "ChatApplication.Android", "ChatApplication.Android\ChatApplication.Android.csproj", "{83E8A505-4BBB-4222-B7C1-786214F624EE}"
EndProject
Global
	GlobalSection(SolutionConfigurationPlatforms) = preSolution
		Ad-Hoc|Any CPU = Ad-Hoc|Any CPU
		Ad-Hoc|ARM = Ad-Hoc|ARM
		Ad-Hoc|iPhone = Ad-Hoc|iPhone
		Ad-Hoc|iPhoneSimulator = Ad-Hoc|iPhoneSimulator
		Ad-Hoc|Mixed Platforms = Ad-Hoc|Mixed Platforms
		Ad-Hoc|x64 = Ad-Hoc|x64
		Ad-Hoc|x86 = Ad-Hoc|x86
		AppStore|Any CPU = AppStore|Any CPU
		AppStore|ARM = AppStore|ARM
		AppStore|iPhone = AppStore|iPhone
		AppStore|iPhoneSimulator = AppStore|iPhoneSimulator
		AppStore|Mixed Platforms = AppStore|Mixed Platforms
		AppStore|x64 = AppStore|x64
		AppStore|x86 = AppStore|x86
		Debug|Any CPU = Debug|Any CPU
		Debug|ARM = Debug|ARM
		Debug|iPhone = Debug|iPhone
		Debug|iPhoneSimulator = Debug|iPhoneSimulator
		Debug|Mixed Platforms = Debug|Mixed Platforms
		Debug|x64 = Debug|x64
		Debug|x86 = Debug|x86
		Release|Any CPU = Release|Any CPU
		Release|ARM = Release|ARM
		Release|iPhone = Release|iPhone
		Release|iPhoneSimulator = Release|iPhoneSimulator
		Release|Mixed Platforms = Release|Mixed Platforms
		Release|x64 = Release|x64
		Release|x86 = Release|x86
	EndGlobalSection
	GlobalSection(ProjectConfigurationPlatforms) = postSolution
		{3E188DED-9072-4682-A033-0FC6E41C9D4E}.Ad-Hoc|Any CPU.ActiveCfg = Ad-Hoc|iPhone
		{3E188DED-9072-4682-A033-0FC6E41C9D4E}.Ad-Hoc|ARM.ActiveCfg = Ad-Hoc|iPhone
		{3E188DED-9072-4682-A033-0FC6E41C9D4E}.Ad-Hoc|iPhone.ActiveCfg = Ad-Hoc|iPhone
		{3E188DED-9072-4682-A033-0FC6E41C9D4E}.Ad-Hoc|iPhone.Build.0 = Ad-Hoc|iPhone
		{3E188DED-9072-4682-A033-0FC6E41C9D4E}.Ad-Hoc|iPhoneSimulator.ActiveCfg = Ad-Hoc|iPhoneSimulator
		{3E188DED-9072-4682-A033-0FC6E41C9D4E}.Ad-Hoc|iPhoneSimulator.Build.0 = Ad-Hoc|iPhoneSimulator
		{3E188DED-9072-4682-A033-0FC6E41C9D4E}.Ad-Hoc|Mixed Platforms.ActiveCfg = Ad-Hoc|iPhone
		{3E188DED-9072-4682-A033-0FC6E41C9D4E}.Ad-Hoc|Mixed Platforms.Build.0 = Ad-Hoc|iPhone
		{3E188DED-9072-4682-A033-0FC6E41C9D4E}.Ad-Hoc|x64.ActiveCfg = Ad-Hoc|iPhone
		{3E188DED-9072-4682-A033-0FC6E41C9D4E}.Ad-Hoc|x86.ActiveCfg = Ad-Hoc|iPhone
		{3E188DED-9072-4682-A033-0FC6E41C9D4E}.AppStore|Any CPU.ActiveCfg = AppStore|iPhone
		{3E188DED-9072-4682-A033-0FC6E41C9D4E}.AppStore|ARM.ActiveCfg = AppStore|iPhone
		{3E188DED-9072-4682-A033-0FC6E41C9D4E}.AppStore|iPhone.ActiveCfg = AppStore|iPhone
		{3E188DED-9072-4682-A033-0FC6E41C9D4E}.AppStore|iPhone.Build.0 = AppStore|iPhone
		{3E188DED-9072-4682-A033-0FC6E41C9D4E}.AppStore|iPhoneSimulator.ActiveCfg = AppStore|iPhoneSimulator
		{3E188DED-9072-4682-A033-0FC6E41C9D4E}.AppStore|iPhoneSimulator.Build.0 = AppStore|iPhoneSimulator
		{3E188DED-9072-4682-A033-0FC6E41C9D4E}.AppStore|Mixed Platforms.ActiveCfg = AppStore|iPhone
		{3E188DED-9072-4682-A033-0FC6E41C9D4E}.AppStore|Mixed Platforms.Build.0 = AppStore|iPhone
		{3E188DED-9072-4682-A033-0FC6E41C9D4E}.AppStore|x64.ActiveCfg = AppStore|iPhone
		{3E188DED-9072-4682-A033-0FC6E41C9D4E}.AppStore|x86.ActiveCfg = AppStore|iPhone
		{3E188DED-9072-4682-A033-0FC6E41C9D4E}.Debug|Any CPU.ActiveCfg = Debug|iPhone
		{3E188DED-9072-4682-A033-0FC6E41C9D4E}.Debug|ARM.ActiveCfg = Debug|iPhone
		{3E188DED-9072-4682-A033-0FC6E41C9D4E}.Debug|iPhone.ActiveCfg = Debug|iPhone
		{3E188DED-9072-4682-A033-0FC6E41C9D4E}.Debug|iPhone.Build.0 = Debug|iPhone
		{3E188DED-9072-4682-A033-0FC6E41C9D4E}.Debug|iPhoneSimulator.ActiveCfg = Debug|iPhoneSimulator
		{3E188DED-9072-4682-A033-0FC6E41C9D4E}.Debug|iPhoneSimulator.Build.0 = Debug|iPhoneSimulator
		{3E188DED-9072-4682-A033-0FC6E41C9D4E}.Debug|Mixed Platforms.ActiveCfg = Debug|iPhone
		{3E188DED-9072-4682-A033-0FC6E41C9D4E}.Debug|Mixed Platforms.Build.0 = Debug|iPhone
		{3E188DED-9072-4682-A033-0FC6E41C9D4E}.Debug|x64.ActiveCfg = Debug|iPhone
		{3E188DED-9072-4682-A033-0FC6E41C9D4E}.Debug|x86.ActiveCfg = Debug|iPhone
		{3E188DED-9072-4682-A033-0FC6E41C9D4E}.Release|Any CPU.ActiveCfg = Release|iPhone
		{3E188DED-9072-4682-A033-0FC6E41C9D4E}.Release|ARM.ActiveCfg = Release|iPhone
		{3E188DED-9072-4682-A033-0FC6E41C9D4E}.Release|iPhone.ActiveCfg = Release|iPhone
		{3E188DED-9072-4682-A033-0FC6E41C9D4E}.Release|iPhone.Build.0 = Release|iPhone
		{3E188DED-9072-4682-A033-0FC6E41C9D4E}.Release|iPhoneSimulator.ActiveCfg = Release|iPhoneSimulator
		{3E188DED-9072-4682-A033-0FC6E41C9D4E}.Release|iPhoneSimulator.Build.0 = Release|iPhoneSimulator
		{3E188DED-9072-4682-A033-0FC6E41C9D4E}.Release|Mixed Platforms.ActiveCfg = Release|iPhone
		{3E188DED-9072-4682-A033-0FC6E41C9D4E}.Release|Mixed Platforms.Build.0 = Release|iPhone
		{3E188DED-9072-4682-A033-0FC6E41C9D4E}.Release|x64.ActiveCfg = Release|iPhone
		{3E188DED-9072-4682-A033-0FC6E41C9D4E}.Release|x86.ActiveCfg = Release|iPhone
		{E7393630-E406-4A6D-B159-0275E61CB517}.Ad-Hoc|Any CPU.ActiveCfg = Release|Any CPU
		{E7393630-E406-4A6D-B159-0275E61CB517}.Ad-Hoc|Any CPU.Build.0 = Release|Any CPU
		{E7393630-E406-4A6D-B159-0275E61CB517}.Ad-Hoc|Any CPU.Deploy.0 = Release|Any CPU
		{E7393630-E406-4A6D-B159-0275E61CB517}.Ad-Hoc|ARM.ActiveCfg = Release|ARM
		{E7393630-E406-4A6D-B159-0275E61CB517}.Ad-Hoc|ARM.Build.0 = Release|ARM
		{E7393630-E406-4A6D-B159-0275E61CB517}.Ad-Hoc|ARM.Deploy.0 = Release|ARM
		{E7393630-E406-4A6D-B159-0275E61CB517}.Ad-Hoc|iPhone.ActiveCfg = Release|Any CPU
		{E7393630-E406-4A6D-B159-0275E61CB517}.Ad-Hoc|iPhoneSimulator.ActiveCfg = Release|Any CPU
		{E7393630-E406-4A6D-B159-0275E61CB517}.Ad-Hoc|Mixed Platforms.ActiveCfg = Release|x86
		{E7393630-E406-4A6D-B159-0275E61CB517}.Ad-Hoc|Mixed Platforms.Build.0 = Release|x86
		{E7393630-E406-4A6D-B159-0275E61CB517}.Ad-Hoc|Mixed Platforms.Deploy.0 = Release|x86
		{E7393630-E406-4A6D-B159-0275E61CB517}.Ad-Hoc|x64.ActiveCfg = Release|Any CPU
		{E7393630-E406-4A6D-B159-0275E61CB517}.Ad-Hoc|x86.ActiveCfg = Release|x86
		{E7393630-E406-4A6D-B159-0275E61CB517}.Ad-Hoc|x86.Build.0 = Release|x86
		{E7393630-E406-4A6D-B159-0275E61CB517}.Ad-Hoc|x86.Deploy.0 = Release|x86
		{E7393630-E406-4A6D-B159-0275E61CB517}.AppStore|Any CPU.ActiveCfg = Release|Any CPU
		{E7393630-E406-4A6D-B159-0275E61CB517}.AppStore|Any CPU.Build.0 = Release|Any CPU
		{E7393630-E406-4A6D-B159-0275E61CB517}.AppStore|Any CPU.Deploy.0 = Release|Any CPU
		{E7393630-E406-4A6D-B159-0275E61CB517}.AppStore|ARM.ActiveCfg = Release|ARM
		{E7393630-E406-4A6D-B159-0275E61CB517}.AppStore|ARM.Build.0 = Release|ARM
		{E7393630-E406-4A6D-B159-0275E61CB517}.AppStore|ARM.Deploy.0 = Release|ARM
		{E7393630-E406-4A6D-B159-0275E61CB517}.AppStore|iPhone.ActiveCfg = Release|Any CPU
		{E7393630-E406-4A6D-B159-0275E61CB517}.AppStore|iPhoneSimulator.ActiveCfg = Release|Any CPU
		{E7393630-E406-4A6D-B159-0275E61CB517}.AppStore|Mixed Platforms.ActiveCfg = Release|x86
		{E7393630-E406-4A6D-B159-0275E61CB517}.AppStore|Mixed Platforms.Build.0 = Release|x86
		{E7393630-E406-4A6D-B159-0275E61CB517}.AppStore|Mixed Platforms.Deploy.0 = Release|x86
		{E7393630-E406-4A6D-B159-0275E61CB517}.AppStore|x64.ActiveCfg = Release|Any CPU
		{E7393630-E406-4A6D-B159-0275E61CB517}.AppStore|x86.ActiveCfg = Release|x86
		{E7393630-E406-4A6D-B159-0275E61CB517}.AppStore|x86.Build.0 = Release|x86
		{E7393630-E406-4A6D-B159-0275E61CB517}.AppStore|x86.Deploy.0 = Release|x86
		{E7393630-E406-4A6D-B159-0275E61CB517}.Debug|Any CPU.ActiveCfg = Debug|Any CPU
		{E7393630-E406-4A6D-B159-0275E61CB517}.Debug|Any CPU.Build.0 = Debug|Any CPU
		{E7393630-E406-4A6D-B159-0275E61CB517}.Debug|Any CPU.Deploy.0 = Debug|Any CPU
		{E7393630-E406-4A6D-B159-0275E61CB517}.Debug|ARM.ActiveCfg = Debug|ARM
		{E7393630-E406-4A6D-B159-0275E61CB517}.Debug|ARM.Build.0 = Debug|ARM
		{E7393630-E406-4A6D-B159-0275E61CB517}.Debug|ARM.Deploy.0 = Debug|ARM
		{E7393630-E406-4A6D-B159-0275E61CB517}.Debug|iPhone.ActiveCfg = Debug|Any CPU
		{E7393630-E406-4A6D-B159-0275E61CB517}.Debug|iPhoneSimulator.ActiveCfg = Debug|Any CPU
		{E7393630-E406-4A6D-B159-0275E61CB517}.Debug|Mixed Platforms.ActiveCfg = Debug|x86
		{E7393630-E406-4A6D-B159-0275E61CB517}.Debug|Mixed Platforms.Build.0 = Debug|x86
		{E7393630-E406-4A6D-B159-0275E61CB517}.Debug|Mixed Platforms.Deploy.0 = Debug|x86
		{E7393630-E406-4A6D-B159-0275E61CB517}.Debug|x64.ActiveCfg = Debug|Any CPU
		{E7393630-E406-4A6D-B159-0275E61CB517}.Debug|x86.ActiveCfg = Debug|x86
		{E7393630-E406-4A6D-B159-0275E61CB517}.Debug|x86.Build.0 = Debug|x86
		{E7393630-E406-4A6D-B159-0275E61CB517}.Debug|x86.Deploy.0 = Debug|x86
		{E7393630-E406-4A6D-B159-0275E61CB517}.Release|Any CPU.ActiveCfg = Release|Any CPU
		{E7393630-E406-4A6D-B159-0275E61CB517}.Release|Any CPU.Build.0 = Release|Any CPU
		{E7393630-E406-4A6D-B159-0275E61CB517}.Release|Any CPU.Deploy.0 = Release|Any CPU
		{E7393630-E406-4A6D-B159-0275E61CB517}.Release|ARM.ActiveCfg = Release|ARM
		{E7393630-E406-4A6D-B159-0275E61CB517}.Release|ARM.Build.0 = Release|ARM
		{E7393630-E406-4A6D-B159-0275E61CB517}.Release|ARM.Deploy.0 = Release|ARM
		{E7393630-E406-4A6D-B159-0275E61CB517}.Release|iPhone.ActiveCfg = Release|Any CPU
		{E7393630-E406-4A6D-B159-0275E61CB517}.Release|iPhoneSimulator.ActiveCfg = Release|Any CPU
		{E7393630-E406-4A6D-B159-0275E61CB517}.Release|Mixed Platforms.ActiveCfg = Release|x86
		{E7393630-E406-4A6D-B159-0275E61CB517}.Release|Mixed Platforms.Build.0 = Release|x86
		{E7393630-E406-4A6D-B159-0275E61CB517}.Release|Mixed Platforms.Deploy.0 = Release|x86
		{E7393630-E406-4A6D-B159-0275E61CB517}.Release|x64.ActiveCfg = Release|Any CPU
		{E7393630-E406-4A6D-B159-0275E61CB517}.Release|x86.ActiveCfg = Release|x86
		{E7393630-E406-4A6D-B159-0275E61CB517}.Release|x86.Build.0 = Release|x86
		{E7393630-E406-4A6D-B159-0275E61CB517}.Release|x86.Deploy.0 = Release|x86
		{2716C753-EC11-4434-AEB8-2541F8CA12FF}.Ad-Hoc|Any CPU.ActiveCfg = Release|Any CPU
		{2716C753-EC11-4434-AEB8-2541F8CA12FF}.Ad-Hoc|Any CPU.Build.0 = Release|Any CPU
		{2716C753-EC11-4434-AEB8-2541F8CA12FF}.Ad-Hoc|Any CPU.Deploy.0 = Release|Any CPU
		{2716C753-EC11-4434-AEB8-2541F8CA12FF}.Ad-Hoc|ARM.ActiveCfg = Release|ARM
		{2716C753-EC11-4434-AEB8-2541F8CA12FF}.Ad-Hoc|ARM.Build.0 = Release|ARM
		{2716C753-EC11-4434-AEB8-2541F8CA12FF}.Ad-Hoc|ARM.Deploy.0 = Release|ARM
		{2716C753-EC11-4434-AEB8-2541F8CA12FF}.Ad-Hoc|iPhone.ActiveCfg = Release|Any CPU
		{2716C753-EC11-4434-AEB8-2541F8CA12FF}.Ad-Hoc|iPhoneSimulator.ActiveCfg = Release|Any CPU
		{2716C753-EC11-4434-AEB8-2541F8CA12FF}.Ad-Hoc|Mixed Platforms.ActiveCfg = Release|x86
		{2716C753-EC11-4434-AEB8-2541F8CA12FF}.Ad-Hoc|Mixed Platforms.Build.0 = Release|x86
		{2716C753-EC11-4434-AEB8-2541F8CA12FF}.Ad-Hoc|Mixed Platforms.Deploy.0 = Release|x86
		{2716C753-EC11-4434-AEB8-2541F8CA12FF}.Ad-Hoc|x64.ActiveCfg = Release|x64
		{2716C753-EC11-4434-AEB8-2541F8CA12FF}.Ad-Hoc|x64.Build.0 = Release|x64
		{2716C753-EC11-4434-AEB8-2541F8CA12FF}.Ad-Hoc|x64.Deploy.0 = Release|x64
		{2716C753-EC11-4434-AEB8-2541F8CA12FF}.Ad-Hoc|x86.ActiveCfg = Release|x86
		{2716C753-EC11-4434-AEB8-2541F8CA12FF}.Ad-Hoc|x86.Build.0 = Release|x86
		{2716C753-EC11-4434-AEB8-2541F8CA12FF}.Ad-Hoc|x86.Deploy.0 = Release|x86
		{2716C753-EC11-4434-AEB8-2541F8CA12FF}.AppStore|Any CPU.ActiveCfg = Release|Any CPU
		{2716C753-EC11-4434-AEB8-2541F8CA12FF}.AppStore|Any CPU.Build.0 = Release|Any CPU
		{2716C753-EC11-4434-AEB8-2541F8CA12FF}.AppStore|Any CPU.Deploy.0 = Release|Any CPU
		{2716C753-EC11-4434-AEB8-2541F8CA12FF}.AppStore|ARM.ActiveCfg = Release|ARM
		{2716C753-EC11-4434-AEB8-2541F8CA12FF}.AppStore|ARM.Build.0 = Release|ARM
		{2716C753-EC11-4434-AEB8-2541F8CA12FF}.AppStore|ARM.Deploy.0 = Release|ARM
		{2716C753-EC11-4434-AEB8-2541F8CA12FF}.AppStore|iPhone.ActiveCfg = Release|Any CPU
		{2716C753-EC11-4434-AEB8-2541F8CA12FF}.AppStore|iPhoneSimulator.ActiveCfg = Release|Any CPU
		{2716C753-EC11-4434-AEB8-2541F8CA12FF}.AppStore|Mixed Platforms.ActiveCfg = Release|x86
		{2716C753-EC11-4434-AEB8-2541F8CA12FF}.AppStore|Mixed Platforms.Build.0 = Release|x86
		{2716C753-EC11-4434-AEB8-2541F8CA12FF}.AppStore|Mixed Platforms.Deploy.0 = Release|x86
		{2716C753-EC11-4434-AEB8-2541F8CA12FF}.AppStore|x64.ActiveCfg = Release|x64
		{2716C753-EC11-4434-AEB8-2541F8CA12FF}.AppStore|x64.Build.0 = Release|x64
		{2716C753-EC11-4434-AEB8-2541F8CA12FF}.AppStore|x64.Deploy.0 = Release|x64
		{2716C753-EC11-4434-AEB8-2541F8CA12FF}.AppStore|x86.ActiveCfg = Release|x86
		{2716C753-EC11-4434-AEB8-2541F8CA12FF}.AppStore|x86.Build.0 = Release|x86
		{2716C753-EC11-4434-AEB8-2541F8CA12FF}.AppStore|x86.Deploy.0 = Release|x86
		{2716C753-EC11-4434-AEB8-2541F8CA12FF}.Debug|Any CPU.ActiveCfg = Debug|Any CPU
		{2716C753-EC11-4434-AEB8-2541F8CA12FF}.Debug|Any CPU.Build.0 = Debug|Any CPU
		{2716C753-EC11-4434-AEB8-2541F8CA12FF}.Debug|Any CPU.Deploy.0 = Debug|Any CPU
		{2716C753-EC11-4434-AEB8-2541F8CA12FF}.Debug|ARM.ActiveCfg = Debug|ARM
		{2716C753-EC11-4434-AEB8-2541F8CA12FF}.Debug|ARM.Build.0 = Debug|ARM
		{2716C753-EC11-4434-AEB8-2541F8CA12FF}.Debug|ARM.Deploy.0 = Debug|ARM
		{2716C753-EC11-4434-AEB8-2541F8CA12FF}.Debug|iPhone.ActiveCfg = Debug|Any CPU
		{2716C753-EC11-4434-AEB8-2541F8CA12FF}.Debug|iPhoneSimulator.ActiveCfg = Debug|Any CPU
		{2716C753-EC11-4434-AEB8-2541F8CA12FF}.Debug|Mixed Platforms.ActiveCfg = Debug|x86
		{2716C753-EC11-4434-AEB8-2541F8CA12FF}.Debug|Mixed Platforms.Build.0 = Debug|x86
		{2716C753-EC11-4434-AEB8-2541F8CA12FF}.Debug|Mixed Platforms.Deploy.0 = Debug|x86
		{2716C753-EC11-4434-AEB8-2541F8CA12FF}.Debug|x64.ActiveCfg = Debug|x64
		{2716C753-EC11-4434-AEB8-2541F8CA12FF}.Debug|x64.Build.0 = Debug|x64
		{2716C753-EC11-4434-AEB8-2541F8CA12FF}.Debug|x64.Deploy.0 = Debug|x64
		{2716C753-EC11-4434-AEB8-2541F8CA12FF}.Debug|x86.ActiveCfg = Debug|x86
		{2716C753-EC11-4434-AEB8-2541F8CA12FF}.Debug|x86.Build.0 = Debug|x86
		{2716C753-EC11-4434-AEB8-2541F8CA12FF}.Debug|x86.Deploy.0 = Debug|x86
		{2716C753-EC11-4434-AEB8-2541F8CA12FF}.Release|Any CPU.ActiveCfg = Release|Any CPU
		{2716C753-EC11-4434-AEB8-2541F8CA12FF}.Release|Any CPU.Build.0 = Release|Any CPU
		{2716C753-EC11-4434-AEB8-2541F8CA12FF}.Release|Any CPU.Deploy.0 = Release|Any CPU
		{2716C753-EC11-4434-AEB8-2541F8CA12FF}.Release|ARM.ActiveCfg = Release|ARM
		{2716C753-EC11-4434-AEB8-2541F8CA12FF}.Release|ARM.Build.0 = Release|ARM
		{2716C753-EC11-4434-AEB8-2541F8CA12FF}.Release|ARM.Deploy.0 = Release|ARM
		{2716C753-EC11-4434-AEB8-2541F8CA12FF}.Release|iPhone.ActiveCfg = Release|Any CPU
		{2716C753-EC11-4434-AEB8-2541F8CA12FF}.Release|iPhoneSimulator.ActiveCfg = Release|Any CPU
		{2716C753-EC11-4434-AEB8-2541F8CA12FF}.Release|Mixed Platforms.ActiveCfg = Release|x86
		{2716C753-EC11-4434-AEB8-2541F8CA12FF}.Release|Mixed Platforms.Build.0 = Release|x86
		{2716C753-EC11-4434-AEB8-2541F8CA12FF}.Release|Mixed Platforms.Deploy.0 = Release|x86
		{2716C753-EC11-4434-AEB8-2541F8CA12FF}.Release|x64.ActiveCfg = Release|x64
		{2716C753-EC11-4434-AEB8-2541F8CA12FF}.Release|x64.Build.0 = Release|x64
		{2716C753-EC11-4434-AEB8-2541F8CA12FF}.Release|x64.Deploy.0 = Release|x64
		{2716C753-EC11-4434-AEB8-2541F8CA12FF}.Release|x86.ActiveCfg = Release|x86
		{2716C753-EC11-4434-AEB8-2541F8CA12FF}.Release|x86.Build.0 = Release|x86
		{2716C753-EC11-4434-AEB8-2541F8CA12FF}.Release|x86.Deploy.0 = Release|x86
		{45788550-5A16-461A-86D4-D1111EB85DB3}.Ad-Hoc|Any CPU.ActiveCfg = Release|Any CPU
		{45788550-5A16-461A-86D4-D1111EB85DB3}.Ad-Hoc|Any CPU.Build.0 = Release|Any CPU
		{45788550-5A16-461A-86D4-D1111EB85DB3}.Ad-Hoc|ARM.ActiveCfg = Release|Any CPU
		{45788550-5A16-461A-86D4-D1111EB85DB3}.Ad-Hoc|iPhone.ActiveCfg = Release|Any CPU
		{45788550-5A16-461A-86D4-D1111EB85DB3}.Ad-Hoc|iPhoneSimulator.ActiveCfg = Release|Any CPU
		{45788550-5A16-461A-86D4-D1111EB85DB3}.Ad-Hoc|Mixed Platforms.ActiveCfg = Release|Any CPU
		{45788550-5A16-461A-86D4-D1111EB85DB3}.Ad-Hoc|Mixed Platforms.Build.0 = Release|Any CPU
		{45788550-5A16-461A-86D4-D1111EB85DB3}.Ad-Hoc|x64.ActiveCfg = Release|Any CPU
		{45788550-5A16-461A-86D4-D1111EB85DB3}.Ad-Hoc|x86.ActiveCfg = Release|Any CPU
		{45788550-5A16-461A-86D4-D1111EB85DB3}.AppStore|Any CPU.ActiveCfg = Release|Any CPU
		{45788550-5A16-461A-86D4-D1111EB85DB3}.AppStore|Any CPU.Build.0 = Release|Any CPU
		{45788550-5A16-461A-86D4-D1111EB85DB3}.AppStore|ARM.ActiveCfg = Release|Any CPU
		{45788550-5A16-461A-86D4-D1111EB85DB3}.AppStore|iPhone.ActiveCfg = Release|Any CPU
		{45788550-5A16-461A-86D4-D1111EB85DB3}.AppStore|iPhoneSimulator.ActiveCfg = Release|Any CPU
		{45788550-5A16-461A-86D4-D1111EB85DB3}.AppStore|Mixed Platforms.ActiveCfg = Release|Any CPU
		{45788550-5A16-461A-86D4-D1111EB85DB3}.AppStore|Mixed Platforms.Build.0 = Release|Any CPU
		{45788550-5A16-461A-86D4-D1111EB85DB3}.AppStore|x64.ActiveCfg = Release|Any CPU
		{45788550-5A16-461A-86D4-D1111EB85DB3}.AppStore|x86.ActiveCfg = Release|Any CPU
		{45788550-5A16-461A-86D4-D1111EB85DB3}.Debug|Any CPU.ActiveCfg = Debug|Any CPU
		{45788550-5A16-461A-86D4-D1111EB85DB3}.Debug|Any CPU.Build.0 = Debug|Any CPU
		{45788550-5A16-461A-86D4-D1111EB85DB3}.Debug|ARM.ActiveCfg = Debug|Any CPU
		{45788550-5A16-461A-86D4-D1111EB85DB3}.Debug|iPhone.ActiveCfg = Debug|Any CPU
		{45788550-5A16-461A-86D4-D1111EB85DB3}.Debug|iPhoneSimulator.ActiveCfg = Debug|Any CPU
		{45788550-5A16-461A-86D4-D1111EB85DB3}.Debug|Mixed Platforms.ActiveCfg = Debug|Any CPU
		{45788550-5A16-461A-86D4-D1111EB85DB3}.Debug|Mixed Platforms.Build.0 = Debug|Any CPU
		{45788550-5A16-461A-86D4-D1111EB85DB3}.Debug|x64.ActiveCfg = Debug|Any CPU
		{45788550-5A16-461A-86D4-D1111EB85DB3}.Debug|x86.ActiveCfg = Debug|Any CPU
		{45788550-5A16-461A-86D4-D1111EB85DB3}.Release|Any CPU.ActiveCfg = Release|Any CPU
		{45788550-5A16-461A-86D4-D1111EB85DB3}.Release|Any CPU.Build.0 = Release|Any CPU
		{45788550-5A16-461A-86D4-D1111EB85DB3}.Release|ARM.ActiveCfg = Release|Any CPU
		{45788550-5A16-461A-86D4-D1111EB85DB3}.Release|iPhone.ActiveCfg = Release|Any CPU
		{45788550-5A16-461A-86D4-D1111EB85DB3}.Release|iPhoneSimulator.ActiveCfg = Release|Any CPU
		{45788550-5A16-461A-86D4-D1111EB85DB3}.Release|Mixed Platforms.ActiveCfg = Release|Any CPU
		{45788550-5A16-461A-86D4-D1111EB85DB3}.Release|Mixed Platforms.Build.0 = Release|Any CPU
		{45788550-5A16-461A-86D4-D1111EB85DB3}.Release|x64.ActiveCfg = Release|Any CPU
		{45788550-5A16-461A-86D4-D1111EB85DB3}.Release|x86.ActiveCfg = Release|Any CPU
		{83E8A505-4BBB-4222-B7C1-786214F624EE}.Ad-Hoc|Any CPU.ActiveCfg = Release|Any CPU
		{83E8A505-4BBB-4222-B7C1-786214F624EE}.Ad-Hoc|Any CPU.Build.0 = Release|Any CPU
		{83E8A505-4BBB-4222-B7C1-786214F624EE}.Ad-Hoc|Any CPU.Deploy.0 = Release|Any CPU
		{83E8A505-4BBB-4222-B7C1-786214F624EE}.Ad-Hoc|ARM.ActiveCfg = Release|Any CPU
		{83E8A505-4BBB-4222-B7C1-786214F624EE}.Ad-Hoc|iPhone.ActiveCfg = Release|Any CPU
		{83E8A505-4BBB-4222-B7C1-786214F624EE}.Ad-Hoc|iPhoneSimulator.ActiveCfg = Release|Any CPU
		{83E8A505-4BBB-4222-B7C1-786214F624EE}.Ad-Hoc|Mixed Platforms.ActiveCfg = Release|Any CPU
		{83E8A505-4BBB-4222-B7C1-786214F624EE}.Ad-Hoc|Mixed Platforms.Build.0 = Release|Any CPU
		{83E8A505-4BBB-4222-B7C1-786214F624EE}.Ad-Hoc|Mixed Platforms.Deploy.0 = Release|Any CPU
		{83E8A505-4BBB-4222-B7C1-786214F624EE}.Ad-Hoc|x64.ActiveCfg = Release|Any CPU
		{83E8A505-4BBB-4222-B7C1-786214F624EE}.Ad-Hoc|x86.ActiveCfg = Release|Any CPU
		{83E8A505-4BBB-4222-B7C1-786214F624EE}.AppStore|Any CPU.ActiveCfg = Release|Any CPU
		{83E8A505-4BBB-4222-B7C1-786214F624EE}.AppStore|Any CPU.Build.0 = Release|Any CPU
		{83E8A505-4BBB-4222-B7C1-786214F624EE}.AppStore|Any CPU.Deploy.0 = Release|Any CPU
		{83E8A505-4BBB-4222-B7C1-786214F624EE}.AppStore|ARM.ActiveCfg = Release|Any CPU
		{83E8A505-4BBB-4222-B7C1-786214F624EE}.AppStore|iPhone.ActiveCfg = Release|Any CPU
		{83E8A505-4BBB-4222-B7C1-786214F624EE}.AppStore|iPhoneSimulator.ActiveCfg = Release|Any CPU
		{83E8A505-4BBB-4222-B7C1-786214F624EE}.AppStore|Mixed Platforms.ActiveCfg = Release|Any CPU
		{83E8A505-4BBB-4222-B7C1-786214F624EE}.AppStore|Mixed Platforms.Build.0 = Release|Any CPU
		{83E8A505-4BBB-4222-B7C1-786214F624EE}.AppStore|Mixed Platforms.Deploy.0 = Release|Any CPU
		{83E8A505-4BBB-4222-B7C1-786214F624EE}.AppStore|x64.ActiveCfg = Release|Any CPU
		{83E8A505-4BBB-4222-B7C1-786214F624EE}.AppStore|x86.ActiveCfg = Release|Any CPU
		{83E8A505-4BBB-4222-B7C1-786214F624EE}.Debug|Any CPU.ActiveCfg = Debug|Any CPU
		{83E8A505-4BBB-4222-B7C1-786214F624EE}.Debug|Any CPU.Build.0 = Debug|Any CPU
		{83E8A505-4BBB-4222-B7C1-786214F624EE}.Debug|Any CPU.Deploy.0 = Debug|Any CPU
		{83E8A505-4BBB-4222-B7C1-786214F624EE}.Debug|ARM.ActiveCfg = Debug|Any CPU
		{83E8A505-4BBB-4222-B7C1-786214F624EE}.Debug|iPhone.ActiveCfg = Debug|Any CPU
		{83E8A505-4BBB-4222-B7C1-786214F624EE}.Debug|iPhoneSimulator.ActiveCfg = Debug|Any CPU
		{83E8A505-4BBB-4222-B7C1-786214F624EE}.Debug|Mixed Platforms.ActiveCfg = Debug|Any CPU
		{83E8A505-4BBB-4222-B7C1-786214F624EE}.Debug|Mixed Platforms.Build.0 = Debug|Any CPU
		{83E8A505-4BBB-4222-B7C1-786214F624EE}.Debug|Mixed Platforms.Deploy.0 = Debug|Any CPU
		{83E8A505-4BBB-4222-B7C1-786214F624EE}.Debug|x64.ActiveCfg = Debug|Any CPU
		{83E8A505-4BBB-4222-B7C1-786214F624EE}.Debug|x86.ActiveCfg = Debug|Any CPU
		{83E8A505-4BBB-4222-B7C1-786214F624EE}.Release|Any CPU.ActiveCfg = Release|Any CPU
		{83E8A505-4BBB-4222-B7C1-786214F624EE}.Release|Any CPU.Build.0 = Release|Any CPU
		{83E8A505-4BBB-4222-B7C1-786214F624EE}.Release|Any CPU.Deploy.0 = Release|Any CPU
		{83E8A505-4BBB-4222-B7C1-786214F624EE}.Release|ARM.ActiveCfg = Release|Any CPU
		{83E8A505-4BBB-4222-B7C1-786214F624EE}.Release|iPhone.ActiveCfg = Release|Any CPU
		{83E8A505-4BBB-4222-B7C1-786214F624EE}.Release|iPhoneSimulator.ActiveCfg = Release|Any CPU
		{83E8A505-4BBB-4222-B7C1-786214F624EE}.Release|Mixed Platforms.ActiveCfg = Release|Any CPU
		{83E8A505-4BBB-4222-B7C1-786214F624EE}.Release|Mixed Platforms.Build.0 = Release|Any CPU
		{83E8A505-4BBB-4222-B7C1-786214F624EE}.Release|Mixed Platforms.Deploy.0 = Release|Any CPU
		{83E8A505-4BBB-4222-B7C1-786214F624EE}.Release|x64.ActiveCfg = Release|Any CPU
		{83E8A505-4BBB-4222-B7C1-786214F624EE}.Release|x86.ActiveCfg = Release|Any CPU
	EndGlobalSection
	GlobalSection(SolutionProperties) = preSolution
		HideSolutionNode = FALSE
	EndGlobalSection
EndGlobal
